
Microsoft Visual Studio Solution File, Format Version 12.00
# Visual Studio Version 16
VisualStudioVersion = 16.0.29613.14
MinimumVisualStudioVersion = 10.0.40219.1
Project("{FAE04EC0-301F-11D3-BF4B-00C04F79EFBC}") = "Interview2020", "Interview2020\Interview2020.csproj", "{243314F3-FBBA-43AA-A289-23F9BE24FBA1}"
EndProject
Project("{FAE04EC0-301F-11D3-BF4B-00C04F79EFBC}") = "Tests", "Tests\Tests.csproj", "{94E6A9C8-6E2A-46EF-BF61-EFB87BE867AE}"
EndProject
Global
	GlobalSection(SolutionConfigurationPlatforms) = preSolution
		Debug|Any CPU = Debug|Any CPU
		Release|Any CPU = Release|Any CPU
	EndGlobalSection
	GlobalSection(ProjectConfigurationPlatforms) = postSolution
		{243314F3-FBBA-43AA-A289-23F9BE24FBA1}.Debug|Any CPU.ActiveCfg = Debug|Any CPU
		{243314F3-FBBA-43AA-A289-23F9BE24FBA1}.Debug|Any CPU.Build.0 = Debug|Any CPU
		{243314F3-FBBA-43AA-A289-23F9BE24FBA1}.Release|Any CPU.ActiveCfg = Release|Any CPU
		{243314F3-FBBA-43AA-A289-23F9BE24FBA1}.Release|Any CPU.Build.0 = Release|Any CPU
		{94E6A9C8-6E2A-46EF-BF61-EFB87BE867AE}.Debug|Any CPU.ActiveCfg = Debug|Any CPU
		{94E6A9C8-6E2A-46EF-BF61-EFB87BE867AE}.Debug|Any CPU.Build.0 = Debug|Any CPU
		{94E6A9C8-6E2A-46EF-BF61-EFB87BE867AE}.Release|Any CPU.ActiveCfg = Release|Any CPU
		{94E6A9C8-6E2A-46EF-BF61-EFB87BE867AE}.Release|Any CPU.Build.0 = Release|Any CPU
	EndGlobalSection
	GlobalSection(SolutionProperties) = preSolution
		HideSolutionNode = FALSE
	EndGlobalSection
	GlobalSection(ExtensibilityGlobals) = postSolution
		SolutionGuid = {A1C1C300-D088-42B3-8B47-356B7575FFB6}
	EndGlobalSection
EndGlobal
